// !$*UTF8*$!
{
	archiveVersion = 1;
	classes = {
	};
	objectVersion = 50;
	objects = {

/* Begin PBXBuildFile section */
		F558C1E5217FD62A0039D836 /* AppDelegate.swift in Sources */ = {isa = PBXBuildFile; fileRef = F558C1E4217FD6290039D836 /* AppDelegate.swift */; };
		F558C1E7217FD62A0039D836 /* ViewController.swift in Sources */ = {isa = PBXBuildFile; fileRef = F558C1E6217FD62A0039D836 /* ViewController.swift */; };
		F558C1EA217FD62A0039D836 /* Main.storyboard in Resources */ = {isa = PBXBuildFile; fileRef = F558C1E8217FD62A0039D836 /* Main.storyboard */; };
		F558C1EC217FD6440039D836 /* Assets.xcassets in Resources */ = {isa = PBXBuildFile; fileRef = F558C1EB217FD6440039D836 /* Assets.xcassets */; };
		F558C1EF217FD6440039D836 /* LaunchScreen.storyboard in Resources */ = {isa = PBXBuildFile; fileRef = F558C1ED217FD6440039D836 /* LaunchScreen.storyboard */; };
		F5DE5536217FDD9E00E10EFE /* NovelViewController.swift in Sources */ = {isa = PBXBuildFile; fileRef = F5DE5535217FDD9E00E10EFE /* NovelViewController.swift */; };
		F5DE5539217FDF3500E10EFE /* NovelCollectionViewCell.swift in Sources */ = {isa = PBXBuildFile; fileRef = F5DE5538217FDF3500E10EFE /* NovelCollectionViewCell.swift */; };
		F5DE553C217FE2B700E10EFE /* Novel.swift in Sources */ = {isa = PBXBuildFile; fileRef = F5DE553B217FE2B700E10EFE /* Novel.swift */; };
/* End PBXBuildFile section */

/* Begin PBXFileReference section */
		F558C1E1217FD6290039D836 /* A Certain Light Novel.app */ = {isa = PBXFileReference; explicitFileType = wrapper.application; includeInIndex = 0; path = "A Certain Light Novel.app"; sourceTree = BUILT_PRODUCTS_DIR; };
		F558C1E4217FD6290039D836 /* AppDelegate.swift */ = {isa = PBXFileReference; lastKnownFileType = sourcecode.swift; path = AppDelegate.swift; sourceTree = "<group>"; };
		F558C1E6217FD62A0039D836 /* ViewController.swift */ = {isa = PBXFileReference; lastKnownFileType = sourcecode.swift; path = ViewController.swift; sourceTree = "<group>"; };
		F558C1E9217FD62A0039D836 /* Base */ = {isa = PBXFileReference; lastKnownFileType = file.storyboard; name = Base; path = Base.lproj/Main.storyboard; sourceTree = "<group>"; };
		F558C1EB217FD6440039D836 /* Assets.xcassets */ = {isa = PBXFileReference; lastKnownFileType = folder.assetcatalog; path = Assets.xcassets; sourceTree = "<group>"; };
		F558C1EE217FD6440039D836 /* Base */ = {isa = PBXFileReference; lastKnownFileType = file.storyboard; name = Base; path = Base.lproj/LaunchScreen.storyboard; sourceTree = "<group>"; };
		F558C1F0217FD6440039D836 /* Info.plist */ = {isa = PBXFileReference; lastKnownFileType = text.plist.xml; path = Info.plist; sourceTree = "<group>"; };
		F5DE5535217FDD9E00E10EFE /* NovelViewController.swift */ = {isa = PBXFileReference; lastKnownFileType = sourcecode.swift; path = NovelViewController.swift; sourceTree = "<group>"; };
		F5DE5538217FDF3500E10EFE /* NovelCollectionViewCell.swift */ = {isa = PBXFileReference; lastKnownFileType = sourcecode.swift; path = NovelCollectionViewCell.swift; sourceTree = "<group>"; };
		F5DE553B217FE2B700E10EFE /* Novel.swift */ = {isa = PBXFileReference; lastKnownFileType = sourcecode.swift; path = Novel.swift; sourceTree = "<group>"; };
/* End PBXFileReference section */

/* Begin PBXFrameworksBuildPhase section */
		F558C1DE217FD6290039D836 /* Frameworks */ = {
			isa = PBXFrameworksBuildPhase;
			buildActionMask = 2147483647;
			files = (
			);
			runOnlyForDeploymentPostprocessing = 0;
		};
/* End PBXFrameworksBuildPhase section */

/* Begin PBXGroup section */
		F558C1D8217FD6290039D836 = {
			isa = PBXGroup;
			children = (
				F558C1E3217FD6290039D836 /* A Certain Light Novel */,
				F558C1E2217FD6290039D836 /* Products */,
			);
			sourceTree = "<group>";
		};
		F558C1E2217FD6290039D836 /* Products */ = {
			isa = PBXGroup;
			children = (
				F558C1E1217FD6290039D836 /* A Certain Light Novel.app */,
			);
			name = Products;
			sourceTree = "<group>";
		};
		F558C1E3217FD6290039D836 /* A Certain Light Novel */ = {
			isa = PBXGroup;
			children = (
				F558C1E4217FD6290039D836 /* AppDelegate.swift */,
				F558C1E8217FD62A0039D836 /* Main.storyboard */,
				F558C1EB217FD6440039D836 /* Assets.xcassets */,
				F5DE553A217FE2A100E10EFE /* Model */,
				F5DE5537217FDDFC00E10EFE /* Controller */,
				F558C1ED217FD6440039D836 /* LaunchScreen.storyboard */,
				F558C1F0217FD6440039D836 /* Info.plist */,
			);
			path = "A Certain Light Novel";
			sourceTree = "<group>";
		};
		F5DE5537217FDDFC00E10EFE /* Controller */ = {
			isa = PBXGroup;
			children = (
				F558C1E6217FD62A0039D836 /* ViewController.swift */,
				F5DE5535217FDD9E00E10EFE /* NovelViewController.swift */,
				F5DE5538217FDF3500E10EFE /* NovelCollectionViewCell.swift */,
			);
			path = Controller;
			sourceTree = "<group>";
		};
		F5DE553A217FE2A100E10EFE /* Model */ = {
			isa = PBXGroup;
			children = (
				F5DE553B217FE2B700E10EFE /* Novel.swift */,
			);
			path = Model;
			sourceTree = "<group>";
		};
/* End PBXGroup section */

/* Begin PBXNativeTarget section */
		F558C1E0217FD6290039D836 /* A Certain Light Novel */ = {
			isa = PBXNativeTarget;
			buildConfigurationList = F558C1F3217FD6440039D836 /* Build configuration list for PBXNativeTarget "A Certain Light Novel" */;
			buildPhases = (
				F558C1DD217FD6290039D836 /* Sources */,
				F558C1DE217FD6290039D836 /* Frameworks */,
				F558C1DF217FD6290039D836 /* Resources */,
			);
			buildRules = (
			);
			dependencies = (
			);
			name = "A Certain Light Novel";
			productName = "A Certain Light Novel";
			productReference = F558C1E1217FD6290039D836 /* A Certain Light Novel.app */;
			productType = "com.apple.product-type.application";
		};
/* End PBXNativeTarget section */

/* Begin PBXProject section */
		F558C1D9217FD6290039D836 /* Project object */ = {
			isa = PBXProject;
			attributes = {
				LastSwiftUpdateCheck = 0940;
				LastUpgradeCheck = 0940;
				ORGANIZATIONNAME = ShibuyaXpress;
				TargetAttributes = {
					F558C1E0217FD6290039D836 = {
						CreatedOnToolsVersion = 9.4;
					};
				};
			};
			buildConfigurationList = F558C1DC217FD6290039D836 /* Build configuration list for PBXProject "A Certain Light Novel" */;
			compatibilityVersion = "Xcode 9.3";
			developmentRegion = en;
			hasScannedForEncodings = 0;
			knownRegions = (
				en,
				Base,
			);
			mainGroup = F558C1D8217FD6290039D836;
			productRefGroup = F558C1E2217FD6290039D836 /* Products */;
			projectDirPath = "";
			projectRoot = "";
			targets = (
				F558C1E0217FD6290039D836 /* A Certain Light Novel */,
			);
		};
/* End PBXProject section */

/* Begin PBXResourcesBuildPhase section */
		F558C1DF217FD6290039D836 /* Resources */ = {
			isa = PBXResourcesBuildPhase;
			buildActionMask = 2147483647;
			files = (
				F558C1EF217FD6440039D836 /* LaunchScreen.storyboard in Resources */,
				F558C1EC217FD6440039D836 /* Assets.xcassets in Resources */,
				F558C1EA217FD62A0039D836 /* Main.storyboard in Resources */,
			);
			runOnlyForDeploymentPostprocessing = 0;
		};
/* End PBXResourcesBuildPhase section */

/* Begin PBXSourcesBuildPhase section */
		F558C1DD217FD6290039D836 /* Sources */ = {
			isa = PBXSourcesBuildPhase;
			buildActionMask = 2147483647;
			files = (
				F558C1E7217FD62A0039D836 /* ViewController.swift in Sources */,
				F5DE5536217FDD9E00E10EFE /* NovelViewController.swift in Sources */,
				F558C1E5217FD62A0039D836 /* AppDelegate.swift in Sources */,
				F5DE5539217FDF3500E10EFE /* NovelCollectionViewCell.swift in Sources */,
				F5DE553C217FE2B700E10EFE /* Novel.swift in Sources */,
			);
			runOnlyForDeploymentPostprocessing = 0;
		};
/* End PBXSourcesBuildPhase section */

/* Begin PBXVariantGroup section */
		F558C1E8217FD62A0039D836 /* Main.storyboard */ = {
			isa = PBXVariantGroup;
			children = (
				F558C1E9217FD62A0039D836 /* Base */,
			);
			name = Main.storyboard;
			sourceTree = "<group>";
		};
		F558C1ED217FD6440039D836 /* LaunchScreen.storyboard */ = {
			isa = PBXVariantGroup;
			children = (
				F558C1EE217FD6440039D836 /* Base */,
			);
			name = LaunchScreen.storyboard;
			sourceTree = "<group>";
		};
/* End PBXVariantGroup section */

/* Begin XCBuildConfiguration section */
		F558C1F1217FD6440039D836 /* Debug */ = {
			isa = XCBuildConfiguration;
			buildSettings = {
				ALWAYS_SEARCH_USER_PATHS = NO;
				CLANG_ANALYZER_NONNULL = YES;
				CLANG_ANALYZER_NUMBER_OBJECT_CONVERSION = YES_AGGRESSIVE;
				CLANG_CXX_LANGUAGE_STANDARD = "gnu++14";
				CLANG_CXX_LIBRARY = "libc++";
				CLANG_ENABLE_MODULES = YES;
				CLANG_ENABLE_OBJC_ARC = YES;
				CLANG_ENABLE_OBJC_WEAK = YES;
				CLANG_WARN_BLOCK_CAPTURE_AUTORELEASING = YES;
				CLANG_WARN_BOOL_CONVERSION = YES;
				CLANG_WARN_COMMA = YES;
				CLANG_WARN_CONSTANT_CONVERSION = YES;
				CLANG_WARN_DEPRECATED_OBJC_IMPLEMENTATIONS = YES;
				CLANG_WARN_DIRECT_OBJC_ISA_USAGE = YES_ERROR;
				CLANG_WARN_DOCUMENTATION_COMMENTS = YES;
				CLANG_WARN_EMPTY_BODY = YES;
				CLANG_WARN_ENUM_CONVERSION = YES;
				CLANG_WARN_INFINITE_RECURSION = YES;
				CLANG_WARN_INT_CONVERSION = YES;
				CLANG_WARN_NON_LITERAL_NULL_CONVERSION = YES;
				CLANG_WARN_OBJC_IMPLICIT_RETAIN_SELF = YES;
				CLANG_WARN_OBJC_LITERAL_CONVERSION = YES;
				CLANG_WARN_OBJC_ROOT_CLASS = YES_ERROR;
				CLANG_WARN_RANGE_LOOP_ANALYSIS = YES;
				CLANG_WARN_STRICT_PROTOTYPES = YES;
				CLANG_WARN_SUSPICIOUS_MOVE = YES;
				CLANG_WARN_UNGUARDED_AVAILABILITY = YES_AGGRESSIVE;
				CLANG_WARN_UNREACHABLE_CODE = YES;
				CLANG_WARN__DUPLICATE_METHOD_MATCH = YES;
				CODE_SIGN_IDENTITY = "iPhone Developer";
				COPY_PHASE_STRIP = NO;
				DEBUG_INFORMATION_FORMAT = dwarf;
				ENABLE_STRICT_OBJC_MSGSEND = YES;
				ENABLE_TESTABILITY = YES;
				GCC_C_LANGUAGE_STANDARD = gnu11;
				GCC_DYNAMIC_NO_PIC = NO;
				GCC_NO_COMMON_BLOCKS = YES;
				GCC_OPTIMIZATION_LEVEL = 0;
				GCC_PREPROCESSOR_DEFINITIONS = (
					"DEBUG=1",
					"$(inherited)",
				);
				GCC_WARN_64_TO_32_BIT_CONVERSION = YES;
				GCC_WARN_ABOUT_RETURN_TYPE = YES_ERROR;
				GCC_WARN_UNDECLARED_SELECTOR = YES;
				GCC_WARN_UNINITIALIZED_AUTOS = YES_AGGRESSIVE;
				GCC_WARN_UNUSED_FUNCTION = YES;
				GCC_WARN_UNUSED_VARIABLE = YES;
				IPHONEOS_DEPLOYMENT_TARGET = 11.4;
				MTL_ENABLE_DEBUG_INFO = YES;
				ONLY_ACTIVE_ARCH = YES;
				SDKROOT = iphoneos;
				SWIFT_ACTIVE_COMPILATION_CONDITIONS = DEBUG;
				SWIFT_OPTIMIZATION_LEVEL = "-Onone";
			};
			name = Debug;
		};
		F558C1F2217FD6440039D836 /* Release */ = {
			isa = XCBuildConfiguration;
			buildSettings = {
				ALWAYS_SEARCH_USER_PATHS = NO;
				CLANG_ANALYZER_NONNULL = YES;
				CLANG_ANALYZER_NUMBER_OBJECT_CONVERSION = YES_AGGRESSIVE;
				CLANG_CXX_LANGUAGE_STANDARD = "gnu++14";
				CLANG_CXX_LIBRARY = "libc++";
				CLANG_ENABLE_MODULES = YES;
				CLANG_ENABLE_OBJC_ARC = YES;
				CLANG_ENABLE_OBJC_WEAK = YES;
				CLANG_WARN_BLOCK_CAPTURE_AUTORELEASING = YES;
				CLANG_WARN_BOOL_CONVERSION = YES;
				CLANG_WARN_COMMA = YES;
				CLANG_WARN_CONSTANT_CONVERSION = YES;
				CLANG_WARN_DEPRECATED_OBJC_IMPLEMENTATIONS = YES;
				CLANG_WARN_DIRECT_OBJC_ISA_USAGE = YES_ERROR;
				CLANG_WARN_DOCUMENTATION_COMMENTS = YES;
				CLANG_WARN_EMPTY_BODY = YES;
				CLANG_WARN_ENUM_CONVERSION = YES;
				CLANG_WARN_INFINITE_RECURSION = YES;
				CLANG_WARN_INT_CONVERSION = YES;
				CLANG_WARN_NON_LITERAL_NULL_CONVERSION = YES;
				CLANG_WARN_OBJC_IMPLICIT_RETAIN_SELF = YES;
				CLANG_WARN_OBJC_LITERAL_CONVERSION = YES;
				CLANG_WARN_OBJC_ROOT_CLASS = YES_ERROR;
				CLANG_WARN_RANGE_LOOP_ANALYSIS = YES;
				CLANG_WARN_STRICT_PROTOTYPES = YES;
				CLANG_WARN_SUSPICIOUS_MOVE = YES;
				CLANG_WARN_UNGUARDED_AVAILABILITY = YES_AGGRESSIVE;
				CLANG_WARN_UNREACHABLE_CODE = YES;
				CLANG_WARN__DUPLICATE_METHOD_MATCH = YES;
				CODE_SIGN_IDENTITY = "iPhone Developer";
				COPY_PHASE_STRIP = NO;
				DEBUG_INFORMATION_FORMAT = "dwarf-with-dsym";
				ENABLE_NS_ASSERTIONS = NO;
				ENABLE_STRICT_OBJC_MSGSEND = YES;
				GCC_C_LANGUAGE_STANDARD = gnu11;
				GCC_NO_COMMON_BLOCKS = YES;
				GCC_WARN_64_TO_32_BIT_CONVERSION = YES;
				GCC_WARN_ABOUT_RETURN_TYPE = YES_ERROR;
				GCC_WARN_UNDECLARED_SELECTOR = YES;
				GCC_WARN_UNINITIALIZED_AUTOS = YES_AGGRESSIVE;
				GCC_WARN_UNUSED_FUNCTION = YES;
				GCC_WARN_UNUSED_VARIABLE = YES;
				IPHONEOS_DEPLOYMENT_TARGET = 11.4;
				MTL_ENABLE_DEBUG_INFO = NO;
				SDKROOT = iphoneos;
				SWIFT_COMPILATION_MODE = wholemodule;
				SWIFT_OPTIMIZATION_LEVEL = "-O";
				VALIDATE_PRODUCT = YES;
			};
			name = Release;
		};
		F558C1F4217FD6440039D836 /* Debug */ = {
			isa = XCBuildConfiguration;
			buildSettings = {
				ASSETCATALOG_COMPILER_APPICON_NAME = AppIcon;
				CODE_SIGN_STYLE = Automatic;
				DEVELOPMENT_TEAM = HRH4BVN79Q;
				INFOPLIST_FILE = "A Certain Light Novel/Info.plist";
				LD_RUNPATH_SEARCH_PATHS = (
					"$(inherited)",
					"@executable_path/Frameworks",
				);
				PRODUCT_BUNDLE_IDENTIFIER = "com.shibuyaxpress.A-Certain-Light-Novel";
				PRODUCT_NAME = "$(TARGET_NAME)";
				SWIFT_VERSION = 4.0;
				TARGETED_DEVICE_FAMILY = "1,2";
			};
			name = Debug;
		};
		F558C1F5217FD6440039D836 /* Release */ = {
			isa = XCBuildConfiguration;
			buildSettings = {
				ASSETCATALOG_COMPILER_APPICON_NAME = AppIcon;
				CODE_SIGN_STYLE = Automatic;
				DEVELOPMENT_TEAM = HRH4BVN79Q;
				INFOPLIST_FILE = "A Certain Light Novel/Info.plist";
				LD_RUNPATH_SEARCH_PATHS = (
					"$(inherited)",
					"@executable_path/Frameworks",
				);
				PRODUCT_BUNDLE_IDENTIFIER = "com.shibuyaxpress.A-Certain-Light-Novel";
				PRODUCT_NAME = "$(TARGET_NAME)";
				SWIFT_VERSION = 4.0;
				TARGETED_DEVICE_FAMILY = "1,2";
			};
			name = Release;
		};
/* End XCBuildConfiguration section */

/* Begin XCConfigurationList section */
		F558C1DC217FD6290039D836 /* Build configuration list for PBXProject "A Certain Light Novel" */ = {
			isa = XCConfigurationList;
			buildConfigurations = (
				F558C1F1217FD6440039D836 /* Debug */,
				F558C1F2217FD6440039D836 /* Release */,
			);
			defaultConfigurationIsVisible = 0;
			defaultConfigurationName = Release;
		};
		F558C1F3217FD6440039D836 /* Build configuration list for PBXNativeTarget "A Certain Light Novel" */ = {
			isa = XCConfigurationList;
			buildConfigurations = (
				F558C1F4217FD6440039D836 /* Debug */,
				F558C1F5217FD6440039D836 /* Release */,
			);
			defaultConfigurationIsVisible = 0;
			defaultConfigurationName = Release;
		};
/* End XCConfigurationList section */
	};
	rootObject = F558C1D9217FD6290039D836 /* Project object */;
}
